
Microsoft Visual Studio Solution File, Format Version 12.00
# Visual Studio Version 17
VisualStudioVersion = 17.7.34031.279
MinimumVisualStudioVersion = 10.0.40219.1
Project("{FAE04EC0-301F-11D3-BF4B-00C04F79EFBC}") = "ex05", "ex05\ex05.csproj", "{643D5FEA-01AE-43A3-8308-88F7361D32A6}"
EndProject
Global
	GlobalSection(SolutionConfigurationPlatforms) = preSolution
		Debug|Any CPU = Debug|Any CPU
		Release|Any CPU = Release|Any CPU
	EndGlobalSection
	GlobalSection(ProjectConfigurationPlatforms) = postSolution
		{643D5FEA-01AE-43A3-8308-88F7361D32A6}.Debug|Any CPU.ActiveCfg = Debug|Any CPU
		{643D5FEA-01AE-43A3-8308-88F7361D32A6}.Debug|Any CPU.Build.0 = Debug|Any CPU
		{643D5FEA-01AE-43A3-8308-88F7361D32A6}.Release|Any CPU.ActiveCfg = Release|Any CPU
		{643D5FEA-01AE-43A3-8308-88F7361D32A6}.Release|Any CPU.Build.0 = Release|Any CPU
	EndGlobalSection
	GlobalSection(SolutionProperties) = preSolution
		HideSolutionNode = FALSE
	EndGlobalSection
	GlobalSection(ExtensibilityGlobals) = postSolution
		SolutionGuid = {6A43378A-8BFD-42C7-BF73-136B432E0C31}
	EndGlobalSection
EndGlobal
