
Microsoft Visual Studio Solution File, Format Version 12.00
# Visual Studio Version 17
VisualStudioVersion = 17.7.34031.279
MinimumVisualStudioVersion = 10.0.40219.1
Project("{FAE04EC0-301F-11D3-BF4B-00C04F79EFBC}") = "EstruturaCondicional", "EstruturaCondicional\EstruturaCondicional.csproj", "{D2279112-88F5-4A0D-A51A-15BF115178AB}"
EndProject
Global
	GlobalSection(SolutionConfigurationPlatforms) = preSolution
		Debug|Any CPU = Debug|Any CPU
		Release|Any CPU = Release|Any CPU
	EndGlobalSection
	GlobalSection(ProjectConfigurationPlatforms) = postSolution
		{D2279112-88F5-4A0D-A51A-15BF115178AB}.Debug|Any CPU.ActiveCfg = Debug|Any CPU
		{D2279112-88F5-4A0D-A51A-15BF115178AB}.Debug|Any CPU.Build.0 = Debug|Any CPU
		{D2279112-88F5-4A0D-A51A-15BF115178AB}.Release|Any CPU.ActiveCfg = Release|Any CPU
		{D2279112-88F5-4A0D-A51A-15BF115178AB}.Release|Any CPU.Build.0 = Release|Any CPU
	EndGlobalSection
	GlobalSection(SolutionProperties) = preSolution
		HideSolutionNode = FALSE
	EndGlobalSection
	GlobalSection(ExtensibilityGlobals) = postSolution
		SolutionGuid = {7E3FF12E-2D1E-4DB5-8E15-7DA54B91CAAE}
	EndGlobalSection
EndGlobal
