
Microsoft Visual Studio Solution File, Format Version 12.00
# Visual Studio Version 17
VisualStudioVersion = 17.7.34031.279
MinimumVisualStudioVersion = 10.0.40219.1
Project("{FAE04EC0-301F-11D3-BF4B-00C04F79EFBC}") = "Funcionario_POO", "Funcionario_POO\Funcionario_POO.csproj", "{DAD5C020-6AFE-4734-B981-F1E2E9237158}"
EndProject
Global
	GlobalSection(SolutionConfigurationPlatforms) = preSolution
		Debug|Any CPU = Debug|Any CPU
		Release|Any CPU = Release|Any CPU
	EndGlobalSection
	GlobalSection(ProjectConfigurationPlatforms) = postSolution
		{DAD5C020-6AFE-4734-B981-F1E2E9237158}.Debug|Any CPU.ActiveCfg = Debug|Any CPU
		{DAD5C020-6AFE-4734-B981-F1E2E9237158}.Debug|Any CPU.Build.0 = Debug|Any CPU
		{DAD5C020-6AFE-4734-B981-F1E2E9237158}.Release|Any CPU.ActiveCfg = Release|Any CPU
		{DAD5C020-6AFE-4734-B981-F1E2E9237158}.Release|Any CPU.Build.0 = Release|Any CPU
	EndGlobalSection
	GlobalSection(SolutionProperties) = preSolution
		HideSolutionNode = FALSE
	EndGlobalSection
	GlobalSection(ExtensibilityGlobals) = postSolution
		SolutionGuid = {77BEFFA2-D622-4EBA-86AB-ED46E5EB9DE2}
	EndGlobalSection
EndGlobal
